// !$*UTF8*$!
{
	archiveVersion = 1;
	classes = {
	};
	objectVersion = 45;
	objects = {

/* Begin PBXBuildFile section */
		1D3623260D0F684500981E51 /* Aufflick_iOS_Cocoa_AdditionsAppDelegate.m in Sources */ = {isa = PBXBuildFile; fileRef = 1D3623250D0F684500981E51 /* Aufflick_iOS_Cocoa_AdditionsAppDelegate.m */; };
		1D60589B0D05DD56006BFB54 /* main.m in Sources */ = {isa = PBXBuildFile; fileRef = 29B97316FDCFA39411CA2CEA /* main.m */; };
		1D60589F0D05DD5A006BFB54 /* Foundation.framework in Frameworks */ = {isa = PBXBuildFile; fileRef = 1D30AB110D05D00D00671497 /* Foundation.framework */; };
		1DF5F4E00D08C38300B7A737 /* UIKit.framework in Frameworks */ = {isa = PBXBuildFile; fileRef = 1DF5F4DF0D08C38300B7A737 /* UIKit.framework */; };
		2892E4100DC94CBA00A64D0F /* CoreGraphics.framework in Frameworks */ = {isa = PBXBuildFile; fileRef = 2892E40F0DC94CBA00A64D0F /* CoreGraphics.framework */; };
		28AD73600D9D9599002E5188 /* MainWindow.xib in Resources */ = {isa = PBXBuildFile; fileRef = 28AD735F0D9D9599002E5188 /* MainWindow.xib */; };
		28C286E10D94DF7D0034E888 /* RootViewController.m in Sources */ = {isa = PBXBuildFile; fileRef = 28C286E00D94DF7D0034E888 /* RootViewController.m */; };
		28F335F11007B36200424DE2 /* RootViewController.xib in Resources */ = {isa = PBXBuildFile; fileRef = 28F335F01007B36200424DE2 /* RootViewController.xib */; };
		643179B01227A85300208E46 /* MGATableViewCellSubMenu.m in Sources */ = {isa = PBXBuildFile; fileRef = 643179AF1227A85300208E46 /* MGATableViewCellSubMenu.m */; };
		64867C6712263A3200734291 /* MGATableViewArrayDataSource.m in Sources */ = {isa = PBXBuildFile; fileRef = 64867C6612263A3200734291 /* MGATableViewArrayDataSource.m */; };
		64867C8D12263DE700734291 /* MGATableView.m in Sources */ = {isa = PBXBuildFile; fileRef = 64867C8C12263DE700734291 /* MGATableView.m */; };
		64867CEC12267B3200734291 /* MGATableViewCellContainer.m in Sources */ = {isa = PBXBuildFile; fileRef = 64867CEB12267B3200734291 /* MGATableViewCellContainer.m */; };
		649724EC1227A08A001B71B0 /* DemoOfMGATableView.m in Sources */ = {isa = PBXBuildFile; fileRef = 649724EA1227A08A001B71B0 /* DemoOfMGATableView.m */; };
		649724ED1227A08A001B71B0 /* DemoOfMGATableView.xib in Resources */ = {isa = PBXBuildFile; fileRef = 649724EB1227A08A001B71B0 /* DemoOfMGATableView.xib */; };
/* End PBXBuildFile section */

/* Begin PBXFileReference section */
		1D30AB110D05D00D00671497 /* Foundation.framework */ = {isa = PBXFileReference; lastKnownFileType = wrapper.framework; name = Foundation.framework; path = System/Library/Frameworks/Foundation.framework; sourceTree = SDKROOT; };
		1D3623240D0F684500981E51 /* Aufflick_iOS_Cocoa_AdditionsAppDelegate.h */ = {isa = PBXFileReference; fileEncoding = 4; lastKnownFileType = sourcecode.c.h; name = Aufflick_iOS_Cocoa_AdditionsAppDelegate.h; path = Scaffolding/Aufflick_iOS_Cocoa_AdditionsAppDelegate.h; sourceTree = "<group>"; };
		1D3623250D0F684500981E51 /* Aufflick_iOS_Cocoa_AdditionsAppDelegate.m */ = {isa = PBXFileReference; fileEncoding = 4; lastKnownFileType = sourcecode.c.objc; name = Aufflick_iOS_Cocoa_AdditionsAppDelegate.m; path = Scaffolding/Aufflick_iOS_Cocoa_AdditionsAppDelegate.m; sourceTree = "<group>"; };
		1D6058910D05DD3D006BFB54 /* Aufflick iOS Cocoa Additions.app */ = {isa = PBXFileReference; explicitFileType = wrapper.application; includeInIndex = 0; path = "Aufflick iOS Cocoa Additions.app"; sourceTree = BUILT_PRODUCTS_DIR; };
		1DF5F4DF0D08C38300B7A737 /* UIKit.framework */ = {isa = PBXFileReference; lastKnownFileType = wrapper.framework; name = UIKit.framework; path = System/Library/Frameworks/UIKit.framework; sourceTree = SDKROOT; };
		2892E40F0DC94CBA00A64D0F /* CoreGraphics.framework */ = {isa = PBXFileReference; lastKnownFileType = wrapper.framework; name = CoreGraphics.framework; path = System/Library/Frameworks/CoreGraphics.framework; sourceTree = SDKROOT; };
		28A0AAE50D9B0CCF005BE974 /* Aufflick_iOS_Cocoa_Additions_Prefix.pch */ = {isa = PBXFileReference; fileEncoding = 4; lastKnownFileType = sourcecode.c.h; path = Aufflick_iOS_Cocoa_Additions_Prefix.pch; sourceTree = "<group>"; };
		28AD735F0D9D9599002E5188 /* MainWindow.xib */ = {isa = PBXFileReference; lastKnownFileType = file.xib; name = MainWindow.xib; path = Scaffolding/MainWindow.xib; sourceTree = "<group>"; };
		28C286DF0D94DF7D0034E888 /* RootViewController.h */ = {isa = PBXFileReference; fileEncoding = 4; lastKnownFileType = sourcecode.c.h; path = RootViewController.h; sourceTree = "<group>"; };
		28C286E00D94DF7D0034E888 /* RootViewController.m */ = {isa = PBXFileReference; fileEncoding = 4; lastKnownFileType = sourcecode.c.objc; path = RootViewController.m; sourceTree = "<group>"; };
		28F335F01007B36200424DE2 /* RootViewController.xib */ = {isa = PBXFileReference; lastKnownFileType = file.xib; path = RootViewController.xib; sourceTree = "<group>"; };
		29B97316FDCFA39411CA2CEA /* main.m */ = {isa = PBXFileReference; fileEncoding = 4; lastKnownFileType = sourcecode.c.objc; name = main.m; path = Scaffolding/main.m; sourceTree = "<group>"; };
		643179AE1227A85300208E46 /* MGATableViewCellSubMenu.h */ = {isa = PBXFileReference; fileEncoding = 4; lastKnownFileType = sourcecode.c.h; path = MGATableViewCellSubMenu.h; sourceTree = "<group>"; };
		643179AF1227A85300208E46 /* MGATableViewCellSubMenu.m */ = {isa = PBXFileReference; fileEncoding = 4; lastKnownFileType = sourcecode.c.objc; path = MGATableViewCellSubMenu.m; sourceTree = "<group>"; };
		64867C6512263A3200734291 /* MGATableViewArrayDataSource.h */ = {isa = PBXFileReference; fileEncoding = 4; lastKnownFileType = sourcecode.c.h; path = MGATableViewArrayDataSource.h; sourceTree = "<group>"; };
		64867C6612263A3200734291 /* MGATableViewArrayDataSource.m */ = {isa = PBXFileReference; fileEncoding = 4; lastKnownFileType = sourcecode.c.objc; path = MGATableViewArrayDataSource.m; sourceTree = "<group>"; };
		64867C8B12263DE700734291 /* MGATableView.h */ = {isa = PBXFileReference; fileEncoding = 4; lastKnownFileType = sourcecode.c.h; path = MGATableView.h; sourceTree = "<group>"; };
		64867C8C12263DE700734291 /* MGATableView.m */ = {isa = PBXFileReference; fileEncoding = 4; lastKnownFileType = sourcecode.c.objc; path = MGATableView.m; sourceTree = "<group>"; };
		64867CEA12267B3200734291 /* MGATableViewCellContainer.h */ = {isa = PBXFileReference; fileEncoding = 4; lastKnownFileType = sourcecode.c.h; path = MGATableViewCellContainer.h; sourceTree = "<group>"; };
		64867CEB12267B3200734291 /* MGATableViewCellContainer.m */ = {isa = PBXFileReference; fileEncoding = 4; lastKnownFileType = sourcecode.c.objc; path = MGATableViewCellContainer.m; sourceTree = "<group>"; };
		649724E91227A08A001B71B0 /* DemoOfMGATableView.h */ = {isa = PBXFileReference; fileEncoding = 4; lastKnownFileType = sourcecode.c.h; path = DemoOfMGATableView.h; sourceTree = "<group>"; };
		649724EA1227A08A001B71B0 /* DemoOfMGATableView.m */ = {isa = PBXFileReference; fileEncoding = 4; lastKnownFileType = sourcecode.c.objc; path = DemoOfMGATableView.m; sourceTree = "<group>"; };
		649724EB1227A08A001B71B0 /* DemoOfMGATableView.xib */ = {isa = PBXFileReference; lastKnownFileType = file.xib; path = DemoOfMGATableView.xib; sourceTree = "<group>"; };
		8D1107310486CEB800E47090 /* Aufflick_iOS_Cocoa_Additions-Info.plist */ = {isa = PBXFileReference; fileEncoding = 4; lastKnownFileType = text.plist.xml; name = "Aufflick_iOS_Cocoa_Additions-Info.plist"; path = "Scaffolding/Aufflick_iOS_Cocoa_Additions-Info.plist"; plistStructureDefinitionIdentifier = "com.apple.xcode.plist.structure-definition.iphone.info-plist"; sourceTree = "<group>"; };
/* End PBXFileReference section */

/* Begin PBXFrameworksBuildPhase section */
		1D60588F0D05DD3D006BFB54 /* Frameworks */ = {
			isa = PBXFrameworksBuildPhase;
			buildActionMask = 2147483647;
			files = (
				1D60589F0D05DD5A006BFB54 /* Foundation.framework in Frameworks */,
				1DF5F4E00D08C38300B7A737 /* UIKit.framework in Frameworks */,
				2892E4100DC94CBA00A64D0F /* CoreGraphics.framework in Frameworks */,
			);
			runOnlyForDeploymentPostprocessing = 0;
		};
/* End PBXFrameworksBuildPhase section */

/* Begin PBXGroup section */
		080E96DDFE201D6D7F000001 /* Classes */ = {
			isa = PBXGroup;
			children = (
				28C286DF0D94DF7D0034E888 /* RootViewController.h */,
				28C286E00D94DF7D0034E888 /* RootViewController.m */,
				28F335F01007B36200424DE2 /* RootViewController.xib */,
				649724E91227A08A001B71B0 /* DemoOfMGATableView.h */,
				649724EA1227A08A001B71B0 /* DemoOfMGATableView.m */,
				649724EB1227A08A001B71B0 /* DemoOfMGATableView.xib */,
			);
			path = Classes;
			sourceTree = "<group>";
		};
		19C28FACFE9D520D11CA2CBB /* Products */ = {
			isa = PBXGroup;
			children = (
				1D6058910D05DD3D006BFB54 /* Aufflick iOS Cocoa Additions.app */,
			);
			name = Products;
			sourceTree = "<group>";
		};
		29B97314FDCFA39411CA2CEA /* CustomTemplate */ = {
			isa = PBXGroup;
			children = (
				64867C6412263A3200734291 /* MGATableView */,
				080E96DDFE201D6D7F000001 /* Classes */,
				64867C541226393800734291 /* Scaffolding */,
			);
			name = CustomTemplate;
			sourceTree = "<group>";
		};
		29B97315FDCFA39411CA2CEA /* Other Sources */ = {
			isa = PBXGroup;
			children = (
				1D3623240D0F684500981E51 /* Aufflick_iOS_Cocoa_AdditionsAppDelegate.h */,
				1D3623250D0F684500981E51 /* Aufflick_iOS_Cocoa_AdditionsAppDelegate.m */,
				28A0AAE50D9B0CCF005BE974 /* Aufflick_iOS_Cocoa_Additions_Prefix.pch */,
				29B97316FDCFA39411CA2CEA /* main.m */,
			);
			name = "Other Sources";
			sourceTree = "<group>";
		};
		29B97317FDCFA39411CA2CEA /* Resources */ = {
			isa = PBXGroup;
			children = (
				28AD735F0D9D9599002E5188 /* MainWindow.xib */,
				8D1107310486CEB800E47090 /* Aufflick_iOS_Cocoa_Additions-Info.plist */,
			);
			name = Resources;
			sourceTree = "<group>";
		};
		29B97323FDCFA39411CA2CEA /* Frameworks */ = {
			isa = PBXGroup;
			children = (
				1DF5F4DF0D08C38300B7A737 /* UIKit.framework */,
				1D30AB110D05D00D00671497 /* Foundation.framework */,
				2892E40F0DC94CBA00A64D0F /* CoreGraphics.framework */,
			);
			name = Frameworks;
			sourceTree = "<group>";
		};
		64867C541226393800734291 /* Scaffolding */ = {
			isa = PBXGroup;
			children = (
				29B97317FDCFA39411CA2CEA /* Resources */,
				29B97315FDCFA39411CA2CEA /* Other Sources */,
				29B97323FDCFA39411CA2CEA /* Frameworks */,
				19C28FACFE9D520D11CA2CBB /* Products */,
			);
			name = Scaffolding;
			sourceTree = "<group>";
		};
		64867C6412263A3200734291 /* MGATableView */ = {
			isa = PBXGroup;
			children = (
				64867C6512263A3200734291 /* MGATableViewArrayDataSource.h */,
				64867C6612263A3200734291 /* MGATableViewArrayDataSource.m */,
				64867C8B12263DE700734291 /* MGATableView.h */,
				64867C8C12263DE700734291 /* MGATableView.m */,
				64867CEA12267B3200734291 /* MGATableViewCellContainer.h */,
				64867CEB12267B3200734291 /* MGATableViewCellContainer.m */,
				643179AE1227A85300208E46 /* MGATableViewCellSubMenu.h */,
				643179AF1227A85300208E46 /* MGATableViewCellSubMenu.m */,
			);
			name = MGATableView;
			path = ../MGATableView;
			sourceTree = SOURCE_ROOT;
		};
/* End PBXGroup section */

/* Begin PBXNativeTarget section */
		1D6058900D05DD3D006BFB54 /* Aufflick iOS Cocoa Additions */ = {
			isa = PBXNativeTarget;
			buildConfigurationList = 1D6058960D05DD3E006BFB54 /* Build configuration list for PBXNativeTarget "Aufflick iOS Cocoa Additions" */;
			buildPhases = (
				1D60588D0D05DD3D006BFB54 /* Resources */,
				1D60588E0D05DD3D006BFB54 /* Sources */,
				1D60588F0D05DD3D006BFB54 /* Frameworks */,
			);
			buildRules = (
			);
			dependencies = (
			);
			name = "Aufflick iOS Cocoa Additions";
			productName = "Aufflick iOS Cocoa Additions";
			productReference = 1D6058910D05DD3D006BFB54 /* Aufflick iOS Cocoa Additions.app */;
			productType = "com.apple.product-type.application";
		};
/* End PBXNativeTarget section */

/* Begin PBXProject section */
		29B97313FDCFA39411CA2CEA /* Project object */ = {
			isa = PBXProject;
			buildConfigurationList = C01FCF4E08A954540054247B /* Build configuration list for PBXProject "Aufflick iOS Cocoa Additions" */;
			compatibilityVersion = "Xcode 3.1";
			hasScannedForEncodings = 1;
			knownRegions = (
				English,
				Japanese,
				French,
				German,
				en,
			);
			mainGroup = 29B97314FDCFA39411CA2CEA /* CustomTemplate */;
			projectDirPath = "";
			projectRoot = "";
			targets = (
				1D6058900D05DD3D006BFB54 /* Aufflick iOS Cocoa Additions */,
			);
		};
/* End PBXProject section */

/* Begin PBXResourcesBuildPhase section */
		1D60588D0D05DD3D006BFB54 /* Resources */ = {
			isa = PBXResourcesBuildPhase;
			buildActionMask = 2147483647;
			files = (
				28AD73600D9D9599002E5188 /* MainWindow.xib in Resources */,
				28F335F11007B36200424DE2 /* RootViewController.xib in Resources */,
				649724ED1227A08A001B71B0 /* DemoOfMGATableView.xib in Resources */,
			);
			runOnlyForDeploymentPostprocessing = 0;
		};
/* End PBXResourcesBuildPhase section */

/* Begin PBXSourcesBuildPhase section */
		1D60588E0D05DD3D006BFB54 /* Sources */ = {
			isa = PBXSourcesBuildPhase;
			buildActionMask = 2147483647;
			files = (
				1D60589B0D05DD56006BFB54 /* main.m in Sources */,
				1D3623260D0F684500981E51 /* Aufflick_iOS_Cocoa_AdditionsAppDelegate.m in Sources */,
				28C286E10D94DF7D0034E888 /* RootViewController.m in Sources */,
				64867C6712263A3200734291 /* MGATableViewArrayDataSource.m in Sources */,
				64867C8D12263DE700734291 /* MGATableView.m in Sources */,
				64867CEC12267B3200734291 /* MGATableViewCellContainer.m in Sources */,
				649724EC1227A08A001B71B0 /* DemoOfMGATableView.m in Sources */,
				643179B01227A85300208E46 /* MGATableViewCellSubMenu.m in Sources */,
			);
			runOnlyForDeploymentPostprocessing = 0;
		};
/* End PBXSourcesBuildPhase section */

/* Begin XCBuildConfiguration section */
		1D6058940D05DD3E006BFB54 /* Debug */ = {
			isa = XCBuildConfiguration;
			buildSettings = {
				ALWAYS_SEARCH_USER_PATHS = NO;
				COPY_PHASE_STRIP = NO;
				GCC_DYNAMIC_NO_PIC = NO;
				GCC_OPTIMIZATION_LEVEL = 0;
				GCC_PRECOMPILE_PREFIX_HEADER = YES;
				GCC_PREFIX_HEADER = Aufflick_iOS_Cocoa_Additions_Prefix.pch;
				INFOPLIST_FILE = "Scaffolding/Aufflick_iOS_Cocoa_Additions-Info.plist";
				PRODUCT_NAME = "Aufflick iOS Cocoa Additions";
			};
			name = Debug;
		};
		1D6058950D05DD3E006BFB54 /* Release */ = {
			isa = XCBuildConfiguration;
			buildSettings = {
				ALWAYS_SEARCH_USER_PATHS = NO;
				COPY_PHASE_STRIP = YES;
				GCC_PRECOMPILE_PREFIX_HEADER = YES;
				GCC_PREFIX_HEADER = Aufflick_iOS_Cocoa_Additions_Prefix.pch;
				INFOPLIST_FILE = "Aufflick_iOS_Cocoa_Additions-Info.plist";
				PRODUCT_NAME = "Aufflick iOS Cocoa Additions";
				VALIDATE_PRODUCT = YES;
			};
			name = Release;
		};
		C01FCF4F08A954540054247B /* Debug */ = {
			isa = XCBuildConfiguration;
			buildSettings = {
				ARCHS = "$(ARCHS_STANDARD_32_BIT)";
				"CODE_SIGN_IDENTITY[sdk=iphoneos*]" = "iPhone Developer";
				GCC_C_LANGUAGE_STANDARD = c99;
				GCC_WARN_ABOUT_RETURN_TYPE = YES;
				GCC_WARN_UNUSED_VARIABLE = YES;
				PREBINDING = NO;
				SDKROOT = iphoneos4.0;
			};
			name = Debug;
		};
		C01FCF5008A954540054247B /* Release */ = {
			isa = XCBuildConfiguration;
			buildSettings = {
				ARCHS = "$(ARCHS_STANDARD_32_BIT)";
				"CODE_SIGN_IDENTITY[sdk=iphoneos*]" = "iPhone Developer";
				GCC_C_LANGUAGE_STANDARD = c99;
				GCC_WARN_ABOUT_RETURN_TYPE = YES;
				GCC_WARN_UNUSED_VARIABLE = YES;
				OTHER_CFLAGS = "-DNS_BLOCK_ASSERTIONS=1";
				PREBINDING = NO;
				SDKROOT = iphoneos4.0;
			};
			name = Release;
		};
/* End XCBuildConfiguration section */

/* Begin XCConfigurationList section */
		1D6058960D05DD3E006BFB54 /* Build configuration list for PBXNativeTarget "Aufflick iOS Cocoa Additions" */ = {
			isa = XCConfigurationList;
			buildConfigurations = (
				1D6058940D05DD3E006BFB54 /* Debug */,
				1D6058950D05DD3E006BFB54 /* Release */,
			);
			defaultConfigurationIsVisible = 0;
			defaultConfigurationName = Release;
		};
		C01FCF4E08A954540054247B /* Build configuration list for PBXProject "Aufflick iOS Cocoa Additions" */ = {
			isa = XCConfigurationList;
			buildConfigurations = (
				C01FCF4F08A954540054247B /* Debug */,
				C01FCF5008A954540054247B /* Release */,
			);
			defaultConfigurationIsVisible = 0;
			defaultConfigurationName = Release;
		};
/* End XCConfigurationList section */
	};
	rootObject = 29B97313FDCFA39411CA2CEA /* Project object */;
}
